
Microsoft Visual Studio Solution File, Format Version 12.00
# Visual Studio Version 17
VisualStudioVersion = 17.3.32922.545
MinimumVisualStudioVersion = 10.0.40219.1
Project("{8BC9CEB8-8B4A-11D0-8D11-00A0C91BC942}") = "Engine", "Engine\Engine.vcxproj", "{5E614424-02F7-4992-99AE-39B0FAF81A65}"
EndProject
Project("{8BC9CEB8-8B4A-11D0-8D11-00A0C91BC942}") = "bserg-allegro", "bserg-allegro\bserg-allegro.vcxproj", "{C25D5E4C-0D23-48A2-B20B-E3DBD08086C4}"
EndProject
Global
	GlobalSection(SolutionConfigurationPlatforms) = preSolution
		Debug|x64 = Debug|x64
		Debug|x86 = Debug|x86
		Release|x64 = Release|x64
		Release|x86 = Release|x86
	EndGlobalSection
	GlobalSection(ProjectConfigurationPlatforms) = postSolution
		{5E614424-02F7-4992-99AE-39B0FAF81A65}.Debug|x64.ActiveCfg = Debug|x64
		{5E614424-02F7-4992-99AE-39B0FAF81A65}.Debug|x64.Build.0 = Debug|x64
		{5E614424-02F7-4992-99AE-39B0FAF81A65}.Debug|x86.ActiveCfg = Debug|Win32
		{5E614424-02F7-4992-99AE-39B0FAF81A65}.Debug|x86.Build.0 = Debug|Win32
		{5E614424-02F7-4992-99AE-39B0FAF81A65}.Release|x64.ActiveCfg = Release|x64
		{5E614424-02F7-4992-99AE-39B0FAF81A65}.Release|x64.Build.0 = Release|x64
		{5E614424-02F7-4992-99AE-39B0FAF81A65}.Release|x86.ActiveCfg = Release|Win32
		{5E614424-02F7-4992-99AE-39B0FAF81A65}.Release|x86.Build.0 = Release|Win32
		{C25D5E4C-0D23-48A2-B20B-E3DBD08086C4}.Debug|x64.ActiveCfg = Debug|x64
		{C25D5E4C-0D23-48A2-B20B-E3DBD08086C4}.Debug|x64.Build.0 = Debug|x64
		{C25D5E4C-0D23-48A2-B20B-E3DBD08086C4}.Debug|x86.ActiveCfg = Debug|Win32
		{C25D5E4C-0D23-48A2-B20B-E3DBD08086C4}.Debug|x86.Build.0 = Debug|Win32
		{C25D5E4C-0D23-48A2-B20B-E3DBD08086C4}.Release|x64.ActiveCfg = Release|x64
		{C25D5E4C-0D23-48A2-B20B-E3DBD08086C4}.Release|x64.Build.0 = Release|x64
		{C25D5E4C-0D23-48A2-B20B-E3DBD08086C4}.Release|x86.ActiveCfg = Release|Win32
		{C25D5E4C-0D23-48A2-B20B-E3DBD08086C4}.Release|x86.Build.0 = Release|Win32
	EndGlobalSection
	GlobalSection(SolutionProperties) = preSolution
		HideSolutionNode = FALSE
	EndGlobalSection
	GlobalSection(ExtensibilityGlobals) = postSolution
		SolutionGuid = {04E05CB5-24BA-4512-B9E9-1D409C198204}
	EndGlobalSection
EndGlobal
